
Microsoft Visual Studio Solution File, Format Version 12.00
# Visual Studio Version 16
VisualStudioVersion = 16.0.29215.179
MinimumVisualStudioVersion = 10.0.40219.1
Project("{FAE04EC0-301F-11D3-BF4B-00C04F79EFBC}") = "TodoApi2", "TodoApi2\TodoApi2.csproj", "{A97811DB-4EC5-47A2-96B2-1D758E0BEDA1}"
EndProject
Global
	GlobalSection(SolutionConfigurationPlatforms) = preSolution
		Debug|Any CPU = Debug|Any CPU
		Release|Any CPU = Release|Any CPU
	EndGlobalSection
	GlobalSection(ProjectConfigurationPlatforms) = postSolution
		{A97811DB-4EC5-47A2-96B2-1D758E0BEDA1}.Debug|Any CPU.ActiveCfg = Debug|Any CPU
		{A97811DB-4EC5-47A2-96B2-1D758E0BEDA1}.Debug|Any CPU.Build.0 = Debug|Any CPU
		{A97811DB-4EC5-47A2-96B2-1D758E0BEDA1}.Release|Any CPU.ActiveCfg = Release|Any CPU
		{A97811DB-4EC5-47A2-96B2-1D758E0BEDA1}.Release|Any CPU.Build.0 = Release|Any CPU
	EndGlobalSection
	GlobalSection(SolutionProperties) = preSolution
		HideSolutionNode = FALSE
	EndGlobalSection
	GlobalSection(ExtensibilityGlobals) = postSolution
		SolutionGuid = {AFD39014-3916-45B6-80DF-B445D2CB9057}
	EndGlobalSection
EndGlobal
